# This file is autogenerated, do not edit; changes may be undone by the next 'dep ensure'.


[[projects]]
  digest = "1:89222a85b884e2ab26ed316b4e2a186cd5068800b1c6e7c58573e69bd4f3c2a8"
  name = "github.com/caarlos0/env"
  packages = ["."]
  pruneopts = ""
  revision = "4bd75bf16b9ef8c1383109b5e4d931bd72c3b6d0"
  version = "v6.0.0"

[solve-meta]
  analyzer-name = "dep"
  analyzer-version = 1
  input-imports = ["github.com/caarlos0/env"]
  solver-name = "gps-cdcl"
  solver-version = 1
